
Microsoft Visual Studio Solution File, Format Version 12.00
# Visual Studio Version 17
VisualStudioVersion = 17.4.33213.308
MinimumVisualStudioVersion = 10.0.40219.1
Project("{9A19103F-16F7-4668-BE54-9A1E7A4F7556}") = "WSConvertisseur", "WSConvertisseur\WSConvertisseur.csproj", "{DDC4A4D3-BCFD-4F34-B1D1-1D7913D86198}"
EndProject
Project("{FAE04EC0-301F-11D3-BF4B-00C04F79EFBC}") = "WSConvertisseurTests", "WSConvertisseurTests\WSConvertisseurTests.csproj", "{8F79F6F6-4DDB-4982-9F55-C3DF9A41F28F}"
EndProject
Global
	GlobalSection(SolutionConfigurationPlatforms) = preSolution
		Debug|Any CPU = Debug|Any CPU
		Release|Any CPU = Release|Any CPU
	EndGlobalSection
	GlobalSection(ProjectConfigurationPlatforms) = postSolution
		{DDC4A4D3-BCFD-4F34-B1D1-1D7913D86198}.Debug|Any CPU.ActiveCfg = Debug|Any CPU
		{DDC4A4D3-BCFD-4F34-B1D1-1D7913D86198}.Debug|Any CPU.Build.0 = Debug|Any CPU
		{DDC4A4D3-BCFD-4F34-B1D1-1D7913D86198}.Release|Any CPU.ActiveCfg = Release|Any CPU
		{DDC4A4D3-BCFD-4F34-B1D1-1D7913D86198}.Release|Any CPU.Build.0 = Release|Any CPU
		{8F79F6F6-4DDB-4982-9F55-C3DF9A41F28F}.Debug|Any CPU.ActiveCfg = Debug|Any CPU
		{8F79F6F6-4DDB-4982-9F55-C3DF9A41F28F}.Debug|Any CPU.Build.0 = Debug|Any CPU
		{8F79F6F6-4DDB-4982-9F55-C3DF9A41F28F}.Release|Any CPU.ActiveCfg = Release|Any CPU
		{8F79F6F6-4DDB-4982-9F55-C3DF9A41F28F}.Release|Any CPU.Build.0 = Release|Any CPU
	EndGlobalSection
	GlobalSection(SolutionProperties) = preSolution
		HideSolutionNode = FALSE
	EndGlobalSection
	GlobalSection(ExtensibilityGlobals) = postSolution
		SolutionGuid = {7E8D0AEE-7641-4A4E-82BD-CDD29D922DD0}
	EndGlobalSection
EndGlobal
